
Microsoft Visual Studio Solution File, Format Version 12.00
# Visual Studio Version 17
VisualStudioVersion = 17.2.32602.215
MinimumVisualStudioVersion = 10.0.40219.1
Project("{2150E333-8FDC-42A3-9474-1A3956D46DE8}") = "Dienste", "Dienste", "{1AA63EA4-7516-4C95-ACE9-73E640F28D5C}"
EndProject
Project("{2150E333-8FDC-42A3-9474-1A3956D46DE8}") = "Katalog", "Katalog", "{351C65F4-6110-4DC5-87C1-D31F236868F3}"
EndProject
Project("{9A19103F-16F7-4668-BE54-9A1E7A4F7556}") = "KostenloseKurse.Dienste.Katalog", "Dienste\Katalog\KostenloseKurse.Dienste.Katalog\KostenloseKurse.Dienste.Katalog.csproj", "{9438D5E8-44A3-4675-BB6A-4D14B9E06EC1}"
EndProject
Project("{2150E333-8FDC-42A3-9474-1A3956D46DE8}") = "Solution Items", "Solution Items", "{C2C150DA-22E9-4081-A28F-0EF0CB23065F}"
	ProjectSection(SolutionItems) = preProject
		Port.txt = Port.txt
	EndProjectSection
EndProject
Project("{2150E333-8FDC-42A3-9474-1A3956D46DE8}") = "Shared", "Shared", "{5E2634D6-352B-499E-AF95-D9C7983B47EF}"
EndProject
Project("{9A19103F-16F7-4668-BE54-9A1E7A4F7556}") = "KostenloseKurse.Shared", "Shared\KostenloseKurse.Shared\KostenloseKurse.Shared.csproj", "{06500A0E-D8DD-4D61-8DBA-C64D00A737BE}"
EndProject
Project("{2150E333-8FDC-42A3-9474-1A3956D46DE8}") = "IdentityServer", "IdentityServer", "{410C965C-CA8D-4433-B2B0-796E4F62BEEF}"
EndProject
Project("{9A19103F-16F7-4668-BE54-9A1E7A4F7556}") = "KostenloseKurse.IdentityServer", "IdentityServer\KostenloseKurse.IdentityServer\KostenloseKurse.IdentityServer.csproj", "{E3A7BE46-08D4-404F-834D-4B0D78D1CAB0}"
EndProject
Project("{2150E333-8FDC-42A3-9474-1A3956D46DE8}") = "FotoBestand", "FotoBestand", "{ED71EBA9-58A3-45C0-A9DF-2FD5A06E0EF2}"
EndProject
Project("{9A19103F-16F7-4668-BE54-9A1E7A4F7556}") = "KostenloseKurse.Dienste.FotoBestand", "Dienste\FotoBestand\KostenloseKurse.Dienste.FotoBestand\KostenloseKurse.Dienste.FotoBestand.csproj", "{4C8554E8-4B16-4BD6-B528-07BC3FB645A8}"
EndProject
Project("{2150E333-8FDC-42A3-9474-1A3956D46DE8}") = "Korb", "Korb", "{889B8D14-65A3-4C4B-9AF2-E9BD03A1F306}"
EndProject
Project("{9A19103F-16F7-4668-BE54-9A1E7A4F7556}") = "KostenloseKurse.Dienste.Korb", "Dienste\Korb\KostenloseKurse.Dienste.Korb\KostenloseKurse.Dienste.Korb.csproj", "{C545B8D5-7B9C-4C15-95E2-82A3EAE3DE5B}"
EndProject
Project("{2150E333-8FDC-42A3-9474-1A3956D46DE8}") = "Rabatt", "Rabatt", "{4AE3B6F4-BA9E-405C-A839-07976087734E}"
EndProject
Project("{9A19103F-16F7-4668-BE54-9A1E7A4F7556}") = "KostenloseKurse.Dienste.Rabatt", "Dienste\Rabatt\KostenloseKurse.Dienste.Rabatt\KostenloseKurse.Dienste.Rabatt.csproj", "{12F62906-0FD3-49AD-BDD1-7A8E783CF769}"
EndProject
Project("{2150E333-8FDC-42A3-9474-1A3956D46DE8}") = "Bestellung", "Bestellung", "{CC489AA7-F20E-4353-A23C-B749D5E1B07C}"
EndProject
Project("{9A19103F-16F7-4668-BE54-9A1E7A4F7556}") = "KostenloseKurse.Dienste.Bestellung", "Dienste\Bestellung\KostenloseKurse.Dienste.Bestellung\KostenloseKurse.Dienste.Bestellung.csproj", "{2E385FAD-76DC-40FA-96B5-0D81FF5B39EA}"
EndProject
Project("{9A19103F-16F7-4668-BE54-9A1E7A4F7556}") = "KostenloseKurse.Dienste.Bestellung.Anwendung", "Dienste\Bestellung\KostenloseKurse.Dienste.Bestellung.Anwendung\KostenloseKurse.Dienste.Bestellung.Anwendung.csproj", "{4F403449-C626-46F6-BD2E-53E2A820ED49}"
EndProject
Project("{9A19103F-16F7-4668-BE54-9A1E7A4F7556}") = "KostenloseKurse.Dienste.Bestellung.Domain", "Dienste\Bestellung\KostenloseKurse.Dienste.Bestellung.Domain\KostenloseKurse.Dienste.Bestellung.Domain.csproj", "{2E49FECA-909C-4E45-8302-AF04E5AA9A1E}"
EndProject
Project("{9A19103F-16F7-4668-BE54-9A1E7A4F7556}") = "KostenloseKurse.Dienste.Bestellung.Domain.Core", "Dienste\Bestellung\KostenloseKurse.Dienste.Bestellung.Domain.Core\KostenloseKurse.Dienste.Bestellung.Domain.Core.csproj", "{8580390B-2EE0-41F0-A6F4-069E09FA3B99}"
EndProject
Project("{9A19103F-16F7-4668-BE54-9A1E7A4F7556}") = "KostenloseKurse.Dienste.Bestellung.Infrastruktur", "Dienste\Bestellung\KostenloseKurse.Dienste.Bestellung.Infrastruktur\KostenloseKurse.Dienste.Bestellung.Infrastruktur.csproj", "{20125E8B-D2E5-480F-9EA3-D9E4EE14A695}"
EndProject
Project("{2150E333-8FDC-42A3-9474-1A3956D46DE8}") = "FakeZahlung", "FakeZahlung", "{F69F6DA6-1781-4316-B3A6-FDD421950EFC}"
EndProject
Project("{FAE04EC0-301F-11D3-BF4B-00C04F79EFBC}") = "KostenloseKurse.Dienste.FakeZahlung", "Dienste\FakeZahlung\KostenloseKurse.Dienste.FakeZahlung\KostenloseKurse.Dienste.FakeZahlung.csproj", "{844AD830-6C0C-43AD-89A6-4F69D4276FB6}"
EndProject
Project("{2150E333-8FDC-42A3-9474-1A3956D46DE8}") = "Gateways", "Gateways", "{B73E463F-B0E1-4087-B279-B94CB05838CA}"
EndProject
Project("{FAE04EC0-301F-11D3-BF4B-00C04F79EFBC}") = "KostenloseKurse.Gateway", "KostenloseKurse.Gateway\KostenloseKurse.Gateway.csproj", "{D802A1B1-D03A-4EC1-B872-63A25021F40B}"
EndProject
Global
	GlobalSection(SolutionConfigurationPlatforms) = preSolution
		Debug|Any CPU = Debug|Any CPU
		Release|Any CPU = Release|Any CPU
	EndGlobalSection
	GlobalSection(ProjectConfigurationPlatforms) = postSolution
		{9438D5E8-44A3-4675-BB6A-4D14B9E06EC1}.Debug|Any CPU.ActiveCfg = Debug|Any CPU
		{9438D5E8-44A3-4675-BB6A-4D14B9E06EC1}.Debug|Any CPU.Build.0 = Debug|Any CPU
		{9438D5E8-44A3-4675-BB6A-4D14B9E06EC1}.Release|Any CPU.ActiveCfg = Release|Any CPU
		{9438D5E8-44A3-4675-BB6A-4D14B9E06EC1}.Release|Any CPU.Build.0 = Release|Any CPU
		{06500A0E-D8DD-4D61-8DBA-C64D00A737BE}.Debug|Any CPU.ActiveCfg = Debug|Any CPU
		{06500A0E-D8DD-4D61-8DBA-C64D00A737BE}.Debug|Any CPU.Build.0 = Debug|Any CPU
		{06500A0E-D8DD-4D61-8DBA-C64D00A737BE}.Release|Any CPU.ActiveCfg = Release|Any CPU
		{06500A0E-D8DD-4D61-8DBA-C64D00A737BE}.Release|Any CPU.Build.0 = Release|Any CPU
		{E3A7BE46-08D4-404F-834D-4B0D78D1CAB0}.Debug|Any CPU.ActiveCfg = Debug|Any CPU
		{E3A7BE46-08D4-404F-834D-4B0D78D1CAB0}.Debug|Any CPU.Build.0 = Debug|Any CPU
		{E3A7BE46-08D4-404F-834D-4B0D78D1CAB0}.Release|Any CPU.ActiveCfg = Release|Any CPU
		{E3A7BE46-08D4-404F-834D-4B0D78D1CAB0}.Release|Any CPU.Build.0 = Release|Any CPU
		{4C8554E8-4B16-4BD6-B528-07BC3FB645A8}.Debug|Any CPU.ActiveCfg = Debug|Any CPU
		{4C8554E8-4B16-4BD6-B528-07BC3FB645A8}.Debug|Any CPU.Build.0 = Debug|Any CPU
		{4C8554E8-4B16-4BD6-B528-07BC3FB645A8}.Release|Any CPU.ActiveCfg = Release|Any CPU
		{4C8554E8-4B16-4BD6-B528-07BC3FB645A8}.Release|Any CPU.Build.0 = Release|Any CPU
		{C545B8D5-7B9C-4C15-95E2-82A3EAE3DE5B}.Debug|Any CPU.ActiveCfg = Debug|Any CPU
		{C545B8D5-7B9C-4C15-95E2-82A3EAE3DE5B}.Debug|Any CPU.Build.0 = Debug|Any CPU
		{C545B8D5-7B9C-4C15-95E2-82A3EAE3DE5B}.Release|Any CPU.ActiveCfg = Release|Any CPU
		{C545B8D5-7B9C-4C15-95E2-82A3EAE3DE5B}.Release|Any CPU.Build.0 = Release|Any CPU
		{12F62906-0FD3-49AD-BDD1-7A8E783CF769}.Debug|Any CPU.ActiveCfg = Debug|Any CPU
		{12F62906-0FD3-49AD-BDD1-7A8E783CF769}.Debug|Any CPU.Build.0 = Debug|Any CPU
		{12F62906-0FD3-49AD-BDD1-7A8E783CF769}.Release|Any CPU.ActiveCfg = Release|Any CPU
		{12F62906-0FD3-49AD-BDD1-7A8E783CF769}.Release|Any CPU.Build.0 = Release|Any CPU
		{2E385FAD-76DC-40FA-96B5-0D81FF5B39EA}.Debug|Any CPU.ActiveCfg = Debug|Any CPU
		{2E385FAD-76DC-40FA-96B5-0D81FF5B39EA}.Debug|Any CPU.Build.0 = Debug|Any CPU
		{2E385FAD-76DC-40FA-96B5-0D81FF5B39EA}.Release|Any CPU.ActiveCfg = Release|Any CPU
		{2E385FAD-76DC-40FA-96B5-0D81FF5B39EA}.Release|Any CPU.Build.0 = Release|Any CPU
		{4F403449-C626-46F6-BD2E-53E2A820ED49}.Debug|Any CPU.ActiveCfg = Debug|Any CPU
		{4F403449-C626-46F6-BD2E-53E2A820ED49}.Debug|Any CPU.Build.0 = Debug|Any CPU
		{4F403449-C626-46F6-BD2E-53E2A820ED49}.Release|Any CPU.ActiveCfg = Release|Any CPU
		{4F403449-C626-46F6-BD2E-53E2A820ED49}.Release|Any CPU.Build.0 = Release|Any CPU
		{2E49FECA-909C-4E45-8302-AF04E5AA9A1E}.Debug|Any CPU.ActiveCfg = Debug|Any CPU
		{2E49FECA-909C-4E45-8302-AF04E5AA9A1E}.Debug|Any CPU.Build.0 = Debug|Any CPU
		{2E49FECA-909C-4E45-8302-AF04E5AA9A1E}.Release|Any CPU.ActiveCfg = Release|Any CPU
		{2E49FECA-909C-4E45-8302-AF04E5AA9A1E}.Release|Any CPU.Build.0 = Release|Any CPU
		{8580390B-2EE0-41F0-A6F4-069E09FA3B99}.Debug|Any CPU.ActiveCfg = Debug|Any CPU
		{8580390B-2EE0-41F0-A6F4-069E09FA3B99}.Debug|Any CPU.Build.0 = Debug|Any CPU
		{8580390B-2EE0-41F0-A6F4-069E09FA3B99}.Release|Any CPU.ActiveCfg = Release|Any CPU
		{8580390B-2EE0-41F0-A6F4-069E09FA3B99}.Release|Any CPU.Build.0 = Release|Any CPU
		{20125E8B-D2E5-480F-9EA3-D9E4EE14A695}.Debug|Any CPU.ActiveCfg = Debug|Any CPU
		{20125E8B-D2E5-480F-9EA3-D9E4EE14A695}.Debug|Any CPU.Build.0 = Debug|Any CPU
		{20125E8B-D2E5-480F-9EA3-D9E4EE14A695}.Release|Any CPU.ActiveCfg = Release|Any CPU
		{20125E8B-D2E5-480F-9EA3-D9E4EE14A695}.Release|Any CPU.Build.0 = Release|Any CPU
		{844AD830-6C0C-43AD-89A6-4F69D4276FB6}.Debug|Any CPU.ActiveCfg = Debug|Any CPU
		{844AD830-6C0C-43AD-89A6-4F69D4276FB6}.Debug|Any CPU.Build.0 = Debug|Any CPU
		{844AD830-6C0C-43AD-89A6-4F69D4276FB6}.Release|Any CPU.ActiveCfg = Release|Any CPU
		{844AD830-6C0C-43AD-89A6-4F69D4276FB6}.Release|Any CPU.Build.0 = Release|Any CPU
		{D802A1B1-D03A-4EC1-B872-63A25021F40B}.Debug|Any CPU.ActiveCfg = Debug|Any CPU
		{D802A1B1-D03A-4EC1-B872-63A25021F40B}.Debug|Any CPU.Build.0 = Debug|Any CPU
		{D802A1B1-D03A-4EC1-B872-63A25021F40B}.Release|Any CPU.ActiveCfg = Release|Any CPU
		{D802A1B1-D03A-4EC1-B872-63A25021F40B}.Release|Any CPU.Build.0 = Release|Any CPU
	EndGlobalSection
	GlobalSection(SolutionProperties) = preSolution
		HideSolutionNode = FALSE
	EndGlobalSection
	GlobalSection(NestedProjects) = preSolution
		{351C65F4-6110-4DC5-87C1-D31F236868F3} = {1AA63EA4-7516-4C95-ACE9-73E640F28D5C}
		{9438D5E8-44A3-4675-BB6A-4D14B9E06EC1} = {351C65F4-6110-4DC5-87C1-D31F236868F3}
		{06500A0E-D8DD-4D61-8DBA-C64D00A737BE} = {5E2634D6-352B-499E-AF95-D9C7983B47EF}
		{E3A7BE46-08D4-404F-834D-4B0D78D1CAB0} = {410C965C-CA8D-4433-B2B0-796E4F62BEEF}
		{ED71EBA9-58A3-45C0-A9DF-2FD5A06E0EF2} = {1AA63EA4-7516-4C95-ACE9-73E640F28D5C}
		{4C8554E8-4B16-4BD6-B528-07BC3FB645A8} = {ED71EBA9-58A3-45C0-A9DF-2FD5A06E0EF2}
		{889B8D14-65A3-4C4B-9AF2-E9BD03A1F306} = {1AA63EA4-7516-4C95-ACE9-73E640F28D5C}
		{C545B8D5-7B9C-4C15-95E2-82A3EAE3DE5B} = {889B8D14-65A3-4C4B-9AF2-E9BD03A1F306}
		{4AE3B6F4-BA9E-405C-A839-07976087734E} = {1AA63EA4-7516-4C95-ACE9-73E640F28D5C}
		{12F62906-0FD3-49AD-BDD1-7A8E783CF769} = {4AE3B6F4-BA9E-405C-A839-07976087734E}
		{CC489AA7-F20E-4353-A23C-B749D5E1B07C} = {1AA63EA4-7516-4C95-ACE9-73E640F28D5C}
		{2E385FAD-76DC-40FA-96B5-0D81FF5B39EA} = {CC489AA7-F20E-4353-A23C-B749D5E1B07C}
		{4F403449-C626-46F6-BD2E-53E2A820ED49} = {CC489AA7-F20E-4353-A23C-B749D5E1B07C}
		{2E49FECA-909C-4E45-8302-AF04E5AA9A1E} = {CC489AA7-F20E-4353-A23C-B749D5E1B07C}
		{8580390B-2EE0-41F0-A6F4-069E09FA3B99} = {CC489AA7-F20E-4353-A23C-B749D5E1B07C}
		{20125E8B-D2E5-480F-9EA3-D9E4EE14A695} = {CC489AA7-F20E-4353-A23C-B749D5E1B07C}
		{F69F6DA6-1781-4316-B3A6-FDD421950EFC} = {1AA63EA4-7516-4C95-ACE9-73E640F28D5C}
		{844AD830-6C0C-43AD-89A6-4F69D4276FB6} = {F69F6DA6-1781-4316-B3A6-FDD421950EFC}
		{D802A1B1-D03A-4EC1-B872-63A25021F40B} = {B73E463F-B0E1-4087-B279-B94CB05838CA}
	EndGlobalSection
	GlobalSection(ExtensibilityGlobals) = postSolution
		SolutionGuid = {1010F50C-2458-4329-B8C9-D84E540F88FA}
	EndGlobalSection
EndGlobal
